{
  "nodes": {
    "nixpkgs": {
      "locked": {
        "lastModified": 1763927997,
        "narHash": "sha256-exWM223/zmAJ94mHdIcf7KVXydlz5w4xgBLwTLPEzSI=",
        "owner": "NixOS",
        "repo": "nixpkgs",
        "rev": "3fd758b24d9f5079e5e46a44d26f00a27950f2d6",
        "type": "github"
      },
      "original": {
        "owner": "NixOS",
        "ref": "nixos-25.05-small",
        "repo": "nixpkgs",
        "type": "github"
      }
    },
    "root": {
      "inputs": {
        "nixpkgs": "nixpkgs"
      }
    }
  },
  "root": "root",
  "version": 7
}
